PODS:
  - Flutter (1.0.0)
  - PoilabsAnalysis (3.8.13)

DEPENDENCIES:
  - Flutter (from `Flutter`)
  - PoilabsAnalysis (= 3.8.13)

SPEC REPOS:
  trunk:
    - PoilabsAnalysis

EXTERNAL SOURCES:
  Flutter:
    :path: Flutter

SPEC CHECKSUMS:
  Flutter: cabc95a1d2626b1b06e7179b784ebcf0c0cde467
  PoilabsAnalysis: 10a03502aebff3615269e73b27d01255a28a0a78

PODFILE CHECKSUM: abc03ac600d967a45990ba192ecf2e00b048736f

COCOAPODS: 1.16.2
